
Microsoft Visual Studio Solution File, Format Version 12.00
# Visual Studio Version 17
VisualStudioVersion = 17.7.34024.191
MinimumVisualStudioVersion = 10.0.40219.1
Project("{9A19103F-16F7-4668-BE54-9A1E7A4F7556}") = "SmartWhere", "src\SmartWhere\SmartWhere.csproj", "{A6B070EA-6B43-4080-AE75-287F40A28927}"
EndProject
Project("{9A19103F-16F7-4668-BE54-9A1E7A4F7556}") = "SmartWhere.Sample.Api", "src\SmartWhere.Api\SmartWhere.Sample.Api.csproj", "{E6CD0D46-AAAA-4B1D-857E-37E339F09935}"
EndProject
Project("{9A19103F-16F7-4668-BE54-9A1E7A4F7556}") = "SmartWhere.Sample.Common", "src\SmartWhere.Publisher.Common\SmartWhere.Sample.Common.csproj", "{E823DC0E-9807-47AF-9B38-55E569EDDACD}"
EndProject
Project("{9A19103F-16F7-4668-BE54-9A1E7A4F7556}") = "SmartWhere.Test", "test\SmartWhere.Test.csproj", "{AD9A0F0D-0AA8-4889-BF39-D4E45ED620FA}"
EndProject
Global
	GlobalSection(SolutionConfigurationPlatforms) = preSolution
		Debug|Any CPU = Debug|Any CPU
		Release|Any CPU = Release|Any CPU
	EndGlobalSection
	GlobalSection(ProjectConfigurationPlatforms) = postSolution
		{A6B070EA-6B43-4080-AE75-287F40A28927}.Debug|Any CPU.ActiveCfg = Debug|Any CPU
		{A6B070EA-6B43-4080-AE75-287F40A28927}.Debug|Any CPU.Build.0 = Debug|Any CPU
		{A6B070EA-6B43-4080-AE75-287F40A28927}.Release|Any CPU.ActiveCfg = Release|Any CPU
		{A6B070EA-6B43-4080-AE75-287F40A28927}.Release|Any CPU.Build.0 = Release|Any CPU
		{E6CD0D46-AAAA-4B1D-857E-37E339F09935}.Debug|Any CPU.ActiveCfg = Debug|Any CPU
		{E6CD0D46-AAAA-4B1D-857E-37E339F09935}.Debug|Any CPU.Build.0 = Debug|Any CPU
		{E6CD0D46-AAAA-4B1D-857E-37E339F09935}.Release|Any CPU.ActiveCfg = Release|Any CPU
		{E823DC0E-9807-47AF-9B38-55E569EDDACD}.Debug|Any CPU.ActiveCfg = Debug|Any CPU
		{E823DC0E-9807-47AF-9B38-55E569EDDACD}.Debug|Any CPU.Build.0 = Debug|Any CPU
		{E823DC0E-9807-47AF-9B38-55E569EDDACD}.Release|Any CPU.ActiveCfg = Release|Any CPU
		{E823DC0E-9807-47AF-9B38-55E569EDDACD}.Release|Any CPU.Build.0 = Release|Any CPU
		{AD9A0F0D-0AA8-4889-BF39-D4E45ED620FA}.Debug|Any CPU.ActiveCfg = Debug|Any CPU
		{AD9A0F0D-0AA8-4889-BF39-D4E45ED620FA}.Debug|Any CPU.Build.0 = Debug|Any CPU
		{AD9A0F0D-0AA8-4889-BF39-D4E45ED620FA}.Release|Any CPU.ActiveCfg = Release|Any CPU
		{AD9A0F0D-0AA8-4889-BF39-D4E45ED620FA}.Release|Any CPU.Build.0 = Release|Any CPU
	EndGlobalSection
	GlobalSection(SolutionProperties) = preSolution
		HideSolutionNode = FALSE
	EndGlobalSection
	GlobalSection(ExtensibilityGlobals) = postSolution
		SolutionGuid = {E9251FEA-18F7-4A5A-8B9C-8157221D4FBE}
	EndGlobalSection
EndGlobal
